
Microsoft Visual Studio Solution File, Format Version 12.00
# Visual Studio 15
VisualStudioVersion = 15.0.27130.2024
MinimumVisualStudioVersion = 10.0.40219.1
Project("{FAE04EC0-301F-11D3-BF4B-00C04F79EFBC}") = "DCSB", "DCSB\DCSB.csproj", "{54B504AB-3948-4532-B5C1-FACF725CF361}"
EndProject
Project("{FAE04EC0-301F-11D3-BF4B-00C04F79EFBC}") = "DCSB.Views", "DCSB.Views\DCSB.Views.csproj", "{EC81B8AB-D8CB-49CC-A4A4-0D473B2804A6}"
EndProject
Project("{FAE04EC0-301F-11D3-BF4B-00C04F79EFBC}") = "DCSB.Input", "DCSB.Input\DCSB.Input.csproj", "{05392A89-A4FD-489E-BA4A-01E8D68D8088}"
EndProject
Project("{FAE04EC0-301F-11D3-BF4B-00C04F79EFBC}") = "DCSB.Converters", "DCSB.Converters\DCSB.Converters.csproj", "{286791D0-9D32-4505-880E-9A3A9952F201}"
EndProject
Project("{FAE04EC0-301F-11D3-BF4B-00C04F79EFBC}") = "DCSB.Icons", "DCSB.Icons\DCSB.Icons.csproj", "{94D8F275-AFEA-4AEF-8926-A1AB38935CF5}"
EndProject
Project("{FAE04EC0-301F-11D3-BF4B-00C04F79EFBC}") = "DCSB.ViewModels", "DCSB.ViewModels\DCSB.ViewModels.csproj", "{AF77C2F6-E246-442C-AD8E-1BEEC943622D}"
EndProject
Project("{FAE04EC0-301F-11D3-BF4B-00C04F79EFBC}") = "DCSB.Models", "DCSB.Models\DCSB.Models.csproj", "{26AEFA87-880C-4BF2-9BAB-4426DFB6F9C3}"
EndProject
Project("{FAE04EC0-301F-11D3-BF4B-00C04F79EFBC}") = "DCSB.Controls", "DCSB.Controls\DCSB.Controls.csproj", "{B552C60B-B427-49BC-954A-FC070F8B457B}"
EndProject
Project("{FAE04EC0-301F-11D3-BF4B-00C04F79EFBC}") = "DCSB.Utils", "DCSB.Utils\DCSB.Utils.csproj", "{46301E60-300F-4447-BC41-2FF3A317CF65}"
EndProject
Project("{FAE04EC0-301F-11D3-BF4B-00C04F79EFBC}") = "DCSB.Business", "DCSB.Business\DCSB.Business.csproj", "{136EDDDC-55AA-4CBA-AAFF-94CEA45A1BFF}"
EndProject
Project("{FAE04EC0-301F-11D3-BF4B-00C04F79EFBC}") = "DCSB.Interactivity", "DCSB.Interactivity\DCSB.Interactivity.csproj", "{7FE35BB8-FFB7-40E9-8431-433D9DEF0EB3}"
EndProject
Project("{FAE04EC0-301F-11D3-BF4B-00C04F79EFBC}") = "DCSB.SoundPlayer", "DCSB.Sound\DCSB.SoundPlayer.csproj", "{F353EF29-363C-4694-B5C1-F90A2D48B126}"
EndProject
Project("{2150E333-8FDC-42A3-9474-1A3956D46DE8}") = "Installer scripts", "Installer scripts", "{2D2E4E54-3E34-4134-A70B-91190F1E29BB}"
	ProjectSection(SolutionItems) = preProject
		Installer scripts\CreateInstaller.nsi = Installer scripts\CreateInstaller.nsi
		Installer scripts\ExtractVersionInfo.exe = Installer scripts\ExtractVersionInfo.exe
		Installer scripts\ExtractVersionInfo.nsi = Installer scripts\ExtractVersionInfo.nsi
	EndProjectSection
EndProject
Project("{2150E333-8FDC-42A3-9474-1A3956D46DE8}") = "Config", "Config", "{8CC10E38-E628-4259-AA0F-0A6FFB1C0161}"
	ProjectSection(SolutionItems) = preProject
		AssemblyVersionInfo.cs = AssemblyVersionInfo.cs
	EndProjectSection
EndProject
Global
	GlobalSection(SolutionConfigurationPlatforms) = preSolution
		Debug|Any CPU = Debug|Any CPU
		Debug|x64 = Debug|x64
		Debug|x86 = Debug|x86
		Release|Any CPU = Release|Any CPU
		Release|x64 = Release|x64
		Release|x86 = Release|x86
	EndGlobalSection
	GlobalSection(ProjectConfigurationPlatforms) = postSolution
		{54B504AB-3948-4532-B5C1-FACF725CF361}.Debug|Any CPU.ActiveCfg = Debug|Any CPU
		{54B504AB-3948-4532-B5C1-FACF725CF361}.Debug|Any CPU.Build.0 = Debug|Any CPU
		{54B504AB-3948-4532-B5C1-FACF725CF361}.Debug|x64.ActiveCfg = Debug|Any CPU
		{54B504AB-3948-4532-B5C1-FACF725CF361}.Debug|x64.Build.0 = Debug|Any CPU
		{54B504AB-3948-4532-B5C1-FACF725CF361}.Debug|x86.ActiveCfg = Debug|Any CPU
		{54B504AB-3948-4532-B5C1-FACF725CF361}.Debug|x86.Build.0 = Debug|Any CPU
		{54B504AB-3948-4532-B5C1-FACF725CF361}.Release|Any CPU.ActiveCfg = Release|Any CPU
		{54B504AB-3948-4532-B5C1-FACF725CF361}.Release|Any CPU.Build.0 = Release|Any CPU
		{54B504AB-3948-4532-B5C1-FACF725CF361}.Release|x64.ActiveCfg = Release|Any CPU
		{54B504AB-3948-4532-B5C1-FACF725CF361}.Release|x64.Build.0 = Release|Any CPU
		{54B504AB-3948-4532-B5C1-FACF725CF361}.Release|x86.ActiveCfg = Release|Any CPU
		{54B504AB-3948-4532-B5C1-FACF725CF361}.Release|x86.Build.0 = Release|Any CPU
		{EC81B8AB-D8CB-49CC-A4A4-0D473B2804A6}.Debug|Any CPU.ActiveCfg = Debug|Any CPU
		{EC81B8AB-D8CB-49CC-A4A4-0D473B2804A6}.Debug|Any CPU.Build.0 = Debug|Any CPU
		{EC81B8AB-D8CB-49CC-A4A4-0D473B2804A6}.Debug|x64.ActiveCfg = Debug|Any CPU
		{EC81B8AB-D8CB-49CC-A4A4-0D473B2804A6}.Debug|x64.Build.0 = Debug|Any CPU
		{EC81B8AB-D8CB-49CC-A4A4-0D473B2804A6}.Debug|x86.ActiveCfg = Debug|Any CPU
		{EC81B8AB-D8CB-49CC-A4A4-0D473B2804A6}.Debug|x86.Build.0 = Debug|Any CPU
		{EC81B8AB-D8CB-49CC-A4A4-0D473B2804A6}.Release|Any CPU.ActiveCfg = Release|Any CPU
		{EC81B8AB-D8CB-49CC-A4A4-0D473B2804A6}.Release|Any CPU.Build.0 = Release|Any CPU
		{EC81B8AB-D8CB-49CC-A4A4-0D473B2804A6}.Release|x64.ActiveCfg = Release|Any CPU
		{EC81B8AB-D8CB-49CC-A4A4-0D473B2804A6}.Release|x64.Build.0 = Release|Any CPU
		{EC81B8AB-D8CB-49CC-A4A4-0D473B2804A6}.Release|x86.ActiveCfg = Release|Any CPU
		{EC81B8AB-D8CB-49CC-A4A4-0D473B2804A6}.Release|x86.Build.0 = Release|Any CPU
		{05392A89-A4FD-489E-BA4A-01E8D68D8088}.Debug|Any CPU.ActiveCfg = Debug|Any CPU
		{05392A89-A4FD-489E-BA4A-01E8D68D8088}.Debug|Any CPU.Build.0 = Debug|Any CPU
		{05392A89-A4FD-489E-BA4A-01E8D68D8088}.Debug|x64.ActiveCfg = Debug|Any CPU
		{05392A89-A4FD-489E-BA4A-01E8D68D8088}.Debug|x64.Build.0 = Debug|Any CPU
		{05392A89-A4FD-489E-BA4A-01E8D68D8088}.Debug|x86.ActiveCfg = Debug|Any CPU
		{05392A89-A4FD-489E-BA4A-01E8D68D8088}.Debug|x86.Build.0 = Debug|Any CPU
		{05392A89-A4FD-489E-BA4A-01E8D68D8088}.Release|Any CPU.ActiveCfg = Release|Any CPU
		{05392A89-A4FD-489E-BA4A-01E8D68D8088}.Release|Any CPU.Build.0 = Release|Any CPU
		{05392A89-A4FD-489E-BA4A-01E8D68D8088}.Release|x64.ActiveCfg = Release|Any CPU
		{05392A89-A4FD-489E-BA4A-01E8D68D8088}.Release|x64.Build.0 = Release|Any CPU
		{05392A89-A4FD-489E-BA4A-01E8D68D8088}.Release|x86.ActiveCfg = Release|Any CPU
		{05392A89-A4FD-489E-BA4A-01E8D68D8088}.Release|x86.Build.0 = Release|Any CPU
		{286791D0-9D32-4505-880E-9A3A9952F201}.Debug|Any CPU.ActiveCfg = Debug|Any CPU
		{286791D0-9D32-4505-880E-9A3A9952F201}.Debug|Any CPU.Build.0 = Debug|Any CPU
		{286791D0-9D32-4505-880E-9A3A9952F201}.Debug|x64.ActiveCfg = Debug|Any CPU
		{286791D0-9D32-4505-880E-9A3A9952F201}.Debug|x64.Build.0 = Debug|Any CPU
		{286791D0-9D32-4505-880E-9A3A9952F201}.Debug|x86.ActiveCfg = Debug|Any CPU
		{286791D0-9D32-4505-880E-9A3A9952F201}.Debug|x86.Build.0 = Debug|Any CPU
		{286791D0-9D32-4505-880E-9A3A9952F201}.Release|Any CPU.ActiveCfg = Release|Any CPU
		{286791D0-9D32-4505-880E-9A3A9952F201}.Release|Any CPU.Build.0 = Release|Any CPU
		{286791D0-9D32-4505-880E-9A3A9952F201}.Release|x64.ActiveCfg = Release|Any CPU
		{286791D0-9D32-4505-880E-9A3A9952F201}.Release|x64.Build.0 = Release|Any CPU
		{286791D0-9D32-4505-880E-9A3A9952F201}.Release|x86.ActiveCfg = Release|Any CPU
		{286791D0-9D32-4505-880E-9A3A9952F201}.Release|x86.Build.0 = Release|Any CPU
		{94D8F275-AFEA-4AEF-8926-A1AB38935CF5}.Debug|Any CPU.ActiveCfg = Debug|Any CPU
		{94D8F275-AFEA-4AEF-8926-A1AB38935CF5}.Debug|Any CPU.Build.0 = Debug|Any CPU
		{94D8F275-AFEA-4AEF-8926-A1AB38935CF5}.Debug|x64.ActiveCfg = Debug|Any CPU
		{94D8F275-AFEA-4AEF-8926-A1AB38935CF5}.Debug|x64.Build.0 = Debug|Any CPU
		{94D8F275-AFEA-4AEF-8926-A1AB38935CF5}.Debug|x86.ActiveCfg = Debug|Any CPU
		{94D8F275-AFEA-4AEF-8926-A1AB38935CF5}.Debug|x86.Build.0 = Debug|Any CPU
		{94D8F275-AFEA-4AEF-8926-A1AB38935CF5}.Release|Any CPU.ActiveCfg = Release|Any CPU
		{94D8F275-AFEA-4AEF-8926-A1AB38935CF5}.Release|Any CPU.Build.0 = Release|Any CPU
		{94D8F275-AFEA-4AEF-8926-A1AB38935CF5}.Release|x64.ActiveCfg = Release|Any CPU
		{94D8F275-AFEA-4AEF-8926-A1AB38935CF5}.Release|x64.Build.0 = Release|Any CPU
		{94D8F275-AFEA-4AEF-8926-A1AB38935CF5}.Release|x86.ActiveCfg = Release|Any CPU
		{94D8F275-AFEA-4AEF-8926-A1AB38935CF5}.Release|x86.Build.0 = Release|Any CPU
		{AF77C2F6-E246-442C-AD8E-1BEEC943622D}.Debug|Any CPU.ActiveCfg = Debug|Any CPU
		{AF77C2F6-E246-442C-AD8E-1BEEC943622D}.Debug|Any CPU.Build.0 = Debug|Any CPU
		{AF77C2F6-E246-442C-AD8E-1BEEC943622D}.Debug|x64.ActiveCfg = Debug|Any CPU
		{AF77C2F6-E246-442C-AD8E-1BEEC943622D}.Debug|x64.Build.0 = Debug|Any CPU
		{AF77C2F6-E246-442C-AD8E-1BEEC943622D}.Debug|x86.ActiveCfg = Debug|Any CPU
		{AF77C2F6-E246-442C-AD8E-1BEEC943622D}.Debug|x86.Build.0 = Debug|Any CPU
		{AF77C2F6-E246-442C-AD8E-1BEEC943622D}.Release|Any CPU.ActiveCfg = Release|Any CPU
		{AF77C2F6-E246-442C-AD8E-1BEEC943622D}.Release|Any CPU.Build.0 = Release|Any CPU
		{AF77C2F6-E246-442C-AD8E-1BEEC943622D}.Release|x64.ActiveCfg = Release|Any CPU
		{AF77C2F6-E246-442C-AD8E-1BEEC943622D}.Release|x64.Build.0 = Release|Any CPU
		{AF77C2F6-E246-442C-AD8E-1BEEC943622D}.Release|x86.ActiveCfg = Release|Any CPU
		{AF77C2F6-E246-442C-AD8E-1BEEC943622D}.Release|x86.Build.0 = Release|Any CPU
		{26AEFA87-880C-4BF2-9BAB-4426DFB6F9C3}.Debug|Any CPU.ActiveCfg = Debug|Any CPU
		{26AEFA87-880C-4BF2-9BAB-4426DFB6F9C3}.Debug|Any CPU.Build.0 = Debug|Any CPU
		{26AEFA87-880C-4BF2-9BAB-4426DFB6F9C3}.Debug|x64.ActiveCfg = Debug|Any CPU
		{26AEFA87-880C-4BF2-9BAB-4426DFB6F9C3}.Debug|x64.Build.0 = Debug|Any CPU
		{26AEFA87-880C-4BF2-9BAB-4426DFB6F9C3}.Debug|x86.ActiveCfg = Debug|Any CPU
		{26AEFA87-880C-4BF2-9BAB-4426DFB6F9C3}.Debug|x86.Build.0 = Debug|Any CPU
		{26AEFA87-880C-4BF2-9BAB-4426DFB6F9C3}.Release|Any CPU.ActiveCfg = Release|Any CPU
		{26AEFA87-880C-4BF2-9BAB-4426DFB6F9C3}.Release|Any CPU.Build.0 = Release|Any CPU
		{26AEFA87-880C-4BF2-9BAB-4426DFB6F9C3}.Release|x64.ActiveCfg = Release|Any CPU
		{26AEFA87-880C-4BF2-9BAB-4426DFB6F9C3}.Release|x64.Build.0 = Release|Any CPU
		{26AEFA87-880C-4BF2-9BAB-4426DFB6F9C3}.Release|x86.ActiveCfg = Release|Any CPU
		{26AEFA87-880C-4BF2-9BAB-4426DFB6F9C3}.Release|x86.Build.0 = Release|Any CPU
		{B552C60B-B427-49BC-954A-FC070F8B457B}.Debug|Any CPU.ActiveCfg = Debug|Any CPU
		{B552C60B-B427-49BC-954A-FC070F8B457B}.Debug|Any CPU.Build.0 = Debug|Any CPU
		{B552C60B-B427-49BC-954A-FC070F8B457B}.Debug|x64.ActiveCfg = Debug|Any CPU
		{B552C60B-B427-49BC-954A-FC070F8B457B}.Debug|x64.Build.0 = Debug|Any CPU
		{B552C60B-B427-49BC-954A-FC070F8B457B}.Debug|x86.ActiveCfg = Debug|Any CPU
		{B552C60B-B427-49BC-954A-FC070F8B457B}.Debug|x86.Build.0 = Debug|Any CPU
		{B552C60B-B427-49BC-954A-FC070F8B457B}.Release|Any CPU.ActiveCfg = Release|Any CPU
		{B552C60B-B427-49BC-954A-FC070F8B457B}.Release|Any CPU.Build.0 = Release|Any CPU
		{B552C60B-B427-49BC-954A-FC070F8B457B}.Release|x64.ActiveCfg = Release|Any CPU
		{B552C60B-B427-49BC-954A-FC070F8B457B}.Release|x64.Build.0 = Release|Any CPU
		{B552C60B-B427-49BC-954A-FC070F8B457B}.Release|x86.ActiveCfg = Release|Any CPU
		{B552C60B-B427-49BC-954A-FC070F8B457B}.Release|x86.Build.0 = Release|Any CPU
		{46301E60-300F-4447-BC41-2FF3A317CF65}.Debug|Any CPU.ActiveCfg = Debug|Any CPU
		{46301E60-300F-4447-BC41-2FF3A317CF65}.Debug|Any CPU.Build.0 = Debug|Any CPU
		{46301E60-300F-4447-BC41-2FF3A317CF65}.Debug|x64.ActiveCfg = Debug|Any CPU
		{46301E60-300F-4447-BC41-2FF3A317CF65}.Debug|x64.Build.0 = Debug|Any CPU
		{46301E60-300F-4447-BC41-2FF3A317CF65}.Debug|x86.ActiveCfg = Debug|Any CPU
		{46301E60-300F-4447-BC41-2FF3A317CF65}.Debug|x86.Build.0 = Debug|Any CPU
		{46301E60-300F-4447-BC41-2FF3A317CF65}.Release|Any CPU.ActiveCfg = Release|Any CPU
		{46301E60-300F-4447-BC41-2FF3A317CF65}.Release|Any CPU.Build.0 = Release|Any CPU
		{46301E60-300F-4447-BC41-2FF3A317CF65}.Release|x64.ActiveCfg = Release|Any CPU
		{46301E60-300F-4447-BC41-2FF3A317CF65}.Release|x64.Build.0 = Release|Any CPU
		{46301E60-300F-4447-BC41-2FF3A317CF65}.Release|x86.ActiveCfg = Release|Any CPU
		{46301E60-300F-4447-BC41-2FF3A317CF65}.Release|x86.Build.0 = Release|Any CPU
		{136EDDDC-55AA-4CBA-AAFF-94CEA45A1BFF}.Debug|Any CPU.ActiveCfg = Debug|Any CPU
		{136EDDDC-55AA-4CBA-AAFF-94CEA45A1BFF}.Debug|Any CPU.Build.0 = Debug|Any CPU
		{136EDDDC-55AA-4CBA-AAFF-94CEA45A1BFF}.Debug|x64.ActiveCfg = Debug|Any CPU
		{136EDDDC-55AA-4CBA-AAFF-94CEA45A1BFF}.Debug|x64.Build.0 = Debug|Any CPU
		{136EDDDC-55AA-4CBA-AAFF-94CEA45A1BFF}.Debug|x86.ActiveCfg = Debug|Any CPU
		{136EDDDC-55AA-4CBA-AAFF-94CEA45A1BFF}.Debug|x86.Build.0 = Debug|Any CPU
		{136EDDDC-55AA-4CBA-AAFF-94CEA45A1BFF}.Release|Any CPU.ActiveCfg = Release|Any CPU
		{136EDDDC-55AA-4CBA-AAFF-94CEA45A1BFF}.Release|Any CPU.Build.0 = Release|Any CPU
		{136EDDDC-55AA-4CBA-AAFF-94CEA45A1BFF}.Release|x64.ActiveCfg = Release|Any CPU
		{136EDDDC-55AA-4CBA-AAFF-94CEA45A1BFF}.Release|x64.Build.0 = Release|Any CPU
		{136EDDDC-55AA-4CBA-AAFF-94CEA45A1BFF}.Release|x86.ActiveCfg = Release|Any CPU
		{136EDDDC-55AA-4CBA-AAFF-94CEA45A1BFF}.Release|x86.Build.0 = Release|Any CPU
		{7FE35BB8-FFB7-40E9-8431-433D9DEF0EB3}.Debug|Any CPU.ActiveCfg = Debug|Any CPU
		{7FE35BB8-FFB7-40E9-8431-433D9DEF0EB3}.Debug|Any CPU.Build.0 = Debug|Any CPU
		{7FE35BB8-FFB7-40E9-8431-433D9DEF0EB3}.Debug|x64.ActiveCfg = Debug|Any CPU
		{7FE35BB8-FFB7-40E9-8431-433D9DEF0EB3}.Debug|x64.Build.0 = Debug|Any CPU
		{7FE35BB8-FFB7-40E9-8431-433D9DEF0EB3}.Debug|x86.ActiveCfg = Debug|Any CPU
		{7FE35BB8-FFB7-40E9-8431-433D9DEF0EB3}.Debug|x86.Build.0 = Debug|Any CPU
		{7FE35BB8-FFB7-40E9-8431-433D9DEF0EB3}.Release|Any CPU.ActiveCfg = Release|Any CPU
		{7FE35BB8-FFB7-40E9-8431-433D9DEF0EB3}.Release|Any CPU.Build.0 = Release|Any CPU
		{7FE35BB8-FFB7-40E9-8431-433D9DEF0EB3}.Release|x64.ActiveCfg = Release|Any CPU
		{7FE35BB8-FFB7-40E9-8431-433D9DEF0EB3}.Release|x64.Build.0 = Release|Any CPU
		{7FE35BB8-FFB7-40E9-8431-433D9DEF0EB3}.Release|x86.ActiveCfg = Release|Any CPU
		{7FE35BB8-FFB7-40E9-8431-433D9DEF0EB3}.Release|x86.Build.0 = Release|Any CPU
		{F353EF29-363C-4694-B5C1-F90A2D48B126}.Debug|Any CPU.ActiveCfg = Debug|Any CPU
		{F353EF29-363C-4694-B5C1-F90A2D48B126}.Debug|Any CPU.Build.0 = Debug|Any CPU
		{F353EF29-363C-4694-B5C1-F90A2D48B126}.Debug|x64.ActiveCfg = Debug|Any CPU
		{F353EF29-363C-4694-B5C1-F90A2D48B126}.Debug|x64.Build.0 = Debug|Any CPU
		{F353EF29-363C-4694-B5C1-F90A2D48B126}.Debug|x86.ActiveCfg = Debug|Any CPU
		{F353EF29-363C-4694-B5C1-F90A2D48B126}.Debug|x86.Build.0 = Debug|Any CPU
		{F353EF29-363C-4694-B5C1-F90A2D48B126}.Release|Any CPU.ActiveCfg = Release|Any CPU
		{F353EF29-363C-4694-B5C1-F90A2D48B126}.Release|Any CPU.Build.0 = Release|Any CPU
		{F353EF29-363C-4694-B5C1-F90A2D48B126}.Release|x64.ActiveCfg = Release|Any CPU
		{F353EF29-363C-4694-B5C1-F90A2D48B126}.Release|x64.Build.0 = Release|Any CPU
		{F353EF29-363C-4694-B5C1-F90A2D48B126}.Release|x86.ActiveCfg = Release|Any CPU
		{F353EF29-363C-4694-B5C1-F90A2D48B126}.Release|x86.Build.0 = Release|Any CPU
	EndGlobalSection
	GlobalSection(SolutionProperties) = preSolution
		HideSolutionNode = FALSE
	EndGlobalSection
	GlobalSection(ExtensibilityGlobals) = postSolution
		SolutionGuid = {1CBE9640-9DB4-485C-882B-E4789C8ED905}
	EndGlobalSection
EndGlobal
